
Microsoft Visual Studio Solution File, Format Version 12.00
# Visual Studio Version 16
VisualStudioVersion = 16.0.29613.14
MinimumVisualStudioVersion = 10.0.40219.1
Project("{FAE04EC0-301F-11D3-BF4B-00C04F79EFBC}") = "HW3_Ex3", "HW3_Ex3\HW3_Ex3.csproj", "{2BE3AB79-E09E-4185-BD67-C483AF44A38E}"
EndProject
Global
	GlobalSection(SolutionConfigurationPlatforms) = preSolution
		Debug|Any CPU = Debug|Any CPU
		Release|Any CPU = Release|Any CPU
	EndGlobalSection
	GlobalSection(ProjectConfigurationPlatforms) = postSolution
		{2BE3AB79-E09E-4185-BD67-C483AF44A38E}.Debug|Any CPU.ActiveCfg = Debug|Any CPU
		{2BE3AB79-E09E-4185-BD67-C483AF44A38E}.Debug|Any CPU.Build.0 = Debug|Any CPU
		{2BE3AB79-E09E-4185-BD67-C483AF44A38E}.Release|Any CPU.ActiveCfg = Release|Any CPU
		{2BE3AB79-E09E-4185-BD67-C483AF44A38E}.Release|Any CPU.Build.0 = Release|Any CPU
	EndGlobalSection
	GlobalSection(SolutionProperties) = preSolution
		HideSolutionNode = FALSE
	EndGlobalSection
	GlobalSection(ExtensibilityGlobals) = postSolution
		SolutionGuid = {7813D6F1-240F-448A-BC62-D69AFA368707}
	EndGlobalSection
EndGlobal
